
Microsoft Visual Studio Solution File, Format Version 12.00
# Visual Studio Version 17
VisualStudioVersion = 17.5.33530.505
MinimumVisualStudioVersion = 10.0.40219.1
Project("{E24C65DC-7377-472B-9ABA-BC803B73C61A}") = "משחק פרויקט", ".", "{02953817-6618-4A5E-86FE-A98041619E41}"
	ProjectSection(WebsiteProperties) = preProject
		TargetFrameworkMoniker = ".NETFramework,Version%3Dv4.8"
		Debug.AspNetCompiler.VirtualPath = "/localhost_59734"
		Debug.AspNetCompiler.PhysicalPath = "..\..\..\Desktop\משחק פרויקט\"
		Debug.AspNetCompiler.TargetPath = "PrecompiledWeb\localhost_59734\"
		Debug.AspNetCompiler.Updateable = "true"
		Debug.AspNetCompiler.ForceOverwrite = "true"
		Debug.AspNetCompiler.FixedNames = "false"
		Debug.AspNetCompiler.Debug = "True"
		Release.AspNetCompiler.VirtualPath = "/localhost_59734"
		Release.AspNetCompiler.PhysicalPath = "..\..\..\Desktop\משחק פרויקט\"
		Release.AspNetCompiler.TargetPath = "PrecompiledWeb\localhost_59734\"
		Release.AspNetCompiler.Updateable = "true"
		Release.AspNetCompiler.ForceOverwrite = "true"
		Release.AspNetCompiler.FixedNames = "false"
		Release.AspNetCompiler.Debug = "False"
		VWDPort = "59734"
	EndProjectSection
EndProject
Global
	GlobalSection(SolutionConfigurationPlatforms) = preSolution
		Debug|Any CPU = Debug|Any CPU
	EndGlobalSection
	GlobalSection(ProjectConfigurationPlatforms) = postSolution
		{02953817-6618-4A5E-86FE-A98041619E41}.Debug|Any CPU.ActiveCfg = Debug|Any CPU
		{02953817-6618-4A5E-86FE-A98041619E41}.Debug|Any CPU.Build.0 = Debug|Any CPU
	EndGlobalSection
	GlobalSection(SolutionProperties) = preSolution
		HideSolutionNode = FALSE
	EndGlobalSection
	GlobalSection(ExtensibilityGlobals) = postSolution
		SolutionGuid = {114F9600-8272-49B3-B851-E042FC416A70}
	EndGlobalSection
EndGlobal
